
Microsoft Visual Studio Solution File, Format Version 12.00
# Visual Studio Version 17
VisualStudioVersion = 17.5.33516.290
MinimumVisualStudioVersion = 10.0.40219.1
Project("{FAE04EC0-301F-11D3-BF4B-00C04F79EFBC}") = "SchoolRegistiration", "SchoolRegistiration\SchoolRegistiration.csproj", "{4EE4D94D-B47C-4CF2-BEA8-475946D49485}"
EndProject
Global
	GlobalSection(SolutionConfigurationPlatforms) = preSolution
		Debug|Any CPU = Debug|Any CPU
		Release|Any CPU = Release|Any CPU
	EndGlobalSection
	GlobalSection(ProjectConfigurationPlatforms) = postSolution
		{4EE4D94D-B47C-4CF2-BEA8-475946D49485}.Debug|Any CPU.ActiveCfg = Debug|Any CPU
		{4EE4D94D-B47C-4CF2-BEA8-475946D49485}.Debug|Any CPU.Build.0 = Debug|Any CPU
		{4EE4D94D-B47C-4CF2-BEA8-475946D49485}.Release|Any CPU.ActiveCfg = Release|Any CPU
		{4EE4D94D-B47C-4CF2-BEA8-475946D49485}.Release|Any CPU.Build.0 = Release|Any CPU
	EndGlobalSection
	GlobalSection(SolutionProperties) = preSolution
		HideSolutionNode = FALSE
	EndGlobalSection
	GlobalSection(ExtensibilityGlobals) = postSolution
		SolutionGuid = {09054751-7892-4FBE-A8C9-E9BCE6B10676}
	EndGlobalSection
EndGlobal
