
Microsoft Visual Studio Solution File, Format Version 12.00
# Visual Studio Version 17
VisualStudioVersion = 17.5.33516.290
MinimumVisualStudioVersion = 10.0.40219.1
Project("{FAE04EC0-301F-11D3-BF4B-00C04F79EFBC}") = "HavaDurumuMVC", "HavaDurumuMVC\HavaDurumuMVC.csproj", "{6A85C958-E41B-420C-AE4B-822393802010}"
EndProject
Global
	GlobalSection(SolutionConfigurationPlatforms) = preSolution
		Debug|Any CPU = Debug|Any CPU
		Release|Any CPU = Release|Any CPU
	EndGlobalSection
	GlobalSection(ProjectConfigurationPlatforms) = postSolution
		{6A85C958-E41B-420C-AE4B-822393802010}.Debug|Any CPU.ActiveCfg = Debug|Any CPU
		{6A85C958-E41B-420C-AE4B-822393802010}.Debug|Any CPU.Build.0 = Debug|Any CPU
		{6A85C958-E41B-420C-AE4B-822393802010}.Release|Any CPU.ActiveCfg = Release|Any CPU
		{6A85C958-E41B-420C-AE4B-822393802010}.Release|Any CPU.Build.0 = Release|Any CPU
	EndGlobalSection
	GlobalSection(SolutionProperties) = preSolution
		HideSolutionNode = FALSE
	EndGlobalSection
	GlobalSection(ExtensibilityGlobals) = postSolution
		SolutionGuid = {D146C307-AFFD-449E-9BEB-4C54985D6AE7}
	EndGlobalSection
EndGlobal
